
Microsoft Visual Studio Solution File, Format Version 12.00
# Visual Studio Version 17
VisualStudioVersion = 17.8.34316.72
MinimumVisualStudioVersion = 10.0.40219.1
Project("{FAE04EC0-301F-11D3-BF4B-00C04F79EFBC}") = "CalculadoraIMC", "CalculadoraIMC\CalculadoraIMC.csproj", "{1480E8BE-4459-4828-944F-7400E4415F63}"
EndProject
Global
	GlobalSection(SolutionConfigurationPlatforms) = preSolution
		Debug|Any CPU = Debug|Any CPU
		Release|Any CPU = Release|Any CPU
	EndGlobalSection
	GlobalSection(ProjectConfigurationPlatforms) = postSolution
		{1480E8BE-4459-4828-944F-7400E4415F63}.Debug|Any CPU.ActiveCfg = Debug|Any CPU
		{1480E8BE-4459-4828-944F-7400E4415F63}.Debug|Any CPU.Build.0 = Debug|Any CPU
		{1480E8BE-4459-4828-944F-7400E4415F63}.Release|Any CPU.ActiveCfg = Release|Any CPU
		{1480E8BE-4459-4828-944F-7400E4415F63}.Release|Any CPU.Build.0 = Release|Any CPU
	EndGlobalSection
	GlobalSection(SolutionProperties) = preSolution
		HideSolutionNode = FALSE
	EndGlobalSection
	GlobalSection(ExtensibilityGlobals) = postSolution
		SolutionGuid = {03CDC26F-5107-4FD1-A658-1D084EB70C07}
	EndGlobalSection
EndGlobal
